
Microsoft Visual Studio Solution File, Format Version 12.00
# Visual Studio 15
VisualStudioVersion = 15.0.27428.2005
MinimumVisualStudioVersion = 10.0.40219.1
Project("{8BC9CEB8-8B4A-11D0-8D11-00A0C91BC942}") = "LinearSearch", "LinearSearch\LinearSearch.vcxproj", "{94117FD7-62C9-4D36-8F78-EB566EBA1504}"
EndProject
Project("{8BC9CEB8-8B4A-11D0-8D11-00A0C91BC942}") = "BinarySearch", "BinarySearch\BinarySearch.vcxproj", "{A1A87A8C-0476-4189-AEC4-53AD63CFA34A}"
EndProject
Project("{8BC9CEB8-8B4A-11D0-8D11-00A0C91BC942}") = "StringReverse", "StringReverse\StringReverse.vcxproj", "{4FAB8B8D-A283-4D6F-853C-DBEF104E23E3}"
EndProject
Project("{8BC9CEB8-8B4A-11D0-8D11-00A0C91BC942}") = "BubbleSort", "BubbleSort\BubbleSort.vcxproj", "{5ABABFB8-0C70-48D9-A328-A22D6A209838}"
EndProject
Project("{8BC9CEB8-8B4A-11D0-8D11-00A0C91BC942}") = "InsertionSort", "InsertionSort\InsertionSort.vcxproj", "{B430987C-0D4D-4004-9C34-8445FE1061D0}"
EndProject
Project("{8BC9CEB8-8B4A-11D0-8D11-00A0C91BC942}") = "SelectionSort", "SelectionSort\SelectionSort.vcxproj", "{6BC09D8A-47ED-476D-86DD-1C222A6EB893}"
EndProject
Project("{8BC9CEB8-8B4A-11D0-8D11-00A0C91BC942}") = "FactorialAlgorithm", "FactorialAlgorithm\FactorialAlgorithm.vcxproj", "{90D58BF0-B138-4B89-9E7B-BF6FA7888840}"
EndProject
Global
	GlobalSection(SolutionConfigurationPlatforms) = preSolution
		Debug|x64 = Debug|x64
		Debug|x86 = Debug|x86
		Release|x64 = Release|x64
		Release|x86 = Release|x86
	EndGlobalSection
	GlobalSection(ProjectConfigurationPlatforms) = postSolution
		{94117FD7-62C9-4D36-8F78-EB566EBA1504}.Debug|x64.ActiveCfg = Debug|x64
		{94117FD7-62C9-4D36-8F78-EB566EBA1504}.Debug|x64.Build.0 = Debug|x64
		{94117FD7-62C9-4D36-8F78-EB566EBA1504}.Debug|x86.ActiveCfg = Debug|Win32
		{94117FD7-62C9-4D36-8F78-EB566EBA1504}.Debug|x86.Build.0 = Debug|Win32
		{94117FD7-62C9-4D36-8F78-EB566EBA1504}.Release|x64.ActiveCfg = Release|x64
		{94117FD7-62C9-4D36-8F78-EB566EBA1504}.Release|x64.Build.0 = Release|x64
		{94117FD7-62C9-4D36-8F78-EB566EBA1504}.Release|x86.ActiveCfg = Release|Win32
		{94117FD7-62C9-4D36-8F78-EB566EBA1504}.Release|x86.Build.0 = Release|Win32
		{A1A87A8C-0476-4189-AEC4-53AD63CFA34A}.Debug|x64.ActiveCfg = Debug|x64
		{A1A87A8C-0476-4189-AEC4-53AD63CFA34A}.Debug|x64.Build.0 = Debug|x64
		{A1A87A8C-0476-4189-AEC4-53AD63CFA34A}.Debug|x86.ActiveCfg = Debug|Win32
		{A1A87A8C-0476-4189-AEC4-53AD63CFA34A}.Debug|x86.Build.0 = Debug|Win32
		{A1A87A8C-0476-4189-AEC4-53AD63CFA34A}.Release|x64.ActiveCfg = Release|x64
		{A1A87A8C-0476-4189-AEC4-53AD63CFA34A}.Release|x64.Build.0 = Release|x64
		{A1A87A8C-0476-4189-AEC4-53AD63CFA34A}.Release|x86.ActiveCfg = Release|Win32
		{A1A87A8C-0476-4189-AEC4-53AD63CFA34A}.Release|x86.Build.0 = Release|Win32
		{4FAB8B8D-A283-4D6F-853C-DBEF104E23E3}.Debug|x64.ActiveCfg = Debug|x64
		{4FAB8B8D-A283-4D6F-853C-DBEF104E23E3}.Debug|x64.Build.0 = Debug|x64
		{4FAB8B8D-A283-4D6F-853C-DBEF104E23E3}.Debug|x86.ActiveCfg = Debug|Win32
		{4FAB8B8D-A283-4D6F-853C-DBEF104E23E3}.Debug|x86.Build.0 = Debug|Win32
		{4FAB8B8D-A283-4D6F-853C-DBEF104E23E3}.Release|x64.ActiveCfg = Release|x64
		{4FAB8B8D-A283-4D6F-853C-DBEF104E23E3}.Release|x64.Build.0 = Release|x64
		{4FAB8B8D-A283-4D6F-853C-DBEF104E23E3}.Release|x86.ActiveCfg = Release|Win32
		{4FAB8B8D-A283-4D6F-853C-DBEF104E23E3}.Release|x86.Build.0 = Release|Win32
		{5ABABFB8-0C70-48D9-A328-A22D6A209838}.Debug|x64.ActiveCfg = Debug|x64
		{5ABABFB8-0C70-48D9-A328-A22D6A209838}.Debug|x64.Build.0 = Debug|x64
		{5ABABFB8-0C70-48D9-A328-A22D6A209838}.Debug|x86.ActiveCfg = Debug|Win32
		{5ABABFB8-0C70-48D9-A328-A22D6A209838}.Debug|x86.Build.0 = Debug|Win32
		{5ABABFB8-0C70-48D9-A328-A22D6A209838}.Release|x64.ActiveCfg = Release|x64
		{5ABABFB8-0C70-48D9-A328-A22D6A209838}.Release|x64.Build.0 = Release|x64
		{5ABABFB8-0C70-48D9-A328-A22D6A209838}.Release|x86.ActiveCfg = Release|Win32
		{5ABABFB8-0C70-48D9-A328-A22D6A209838}.Release|x86.Build.0 = Release|Win32
		{B430987C-0D4D-4004-9C34-8445FE1061D0}.Debug|x64.ActiveCfg = Debug|x64
		{B430987C-0D4D-4004-9C34-8445FE1061D0}.Debug|x64.Build.0 = Debug|x64
		{B430987C-0D4D-4004-9C34-8445FE1061D0}.Debug|x86.ActiveCfg = Debug|Win32
		{B430987C-0D4D-4004-9C34-8445FE1061D0}.Debug|x86.Build.0 = Debug|Win32
		{B430987C-0D4D-4004-9C34-8445FE1061D0}.Release|x64.ActiveCfg = Release|x64
		{B430987C-0D4D-4004-9C34-8445FE1061D0}.Release|x64.Build.0 = Release|x64
		{B430987C-0D4D-4004-9C34-8445FE1061D0}.Release|x86.ActiveCfg = Release|Win32
		{B430987C-0D4D-4004-9C34-8445FE1061D0}.Release|x86.Build.0 = Release|Win32
		{6BC09D8A-47ED-476D-86DD-1C222A6EB893}.Debug|x64.ActiveCfg = Debug|x64
		{6BC09D8A-47ED-476D-86DD-1C222A6EB893}.Debug|x64.Build.0 = Debug|x64
		{6BC09D8A-47ED-476D-86DD-1C222A6EB893}.Debug|x86.ActiveCfg = Debug|Win32
		{6BC09D8A-47ED-476D-86DD-1C222A6EB893}.Debug|x86.Build.0 = Debug|Win32
		{6BC09D8A-47ED-476D-86DD-1C222A6EB893}.Release|x64.ActiveCfg = Release|x64
		{6BC09D8A-47ED-476D-86DD-1C222A6EB893}.Release|x64.Build.0 = Release|x64
		{6BC09D8A-47ED-476D-86DD-1C222A6EB893}.Release|x86.ActiveCfg = Release|Win32
		{6BC09D8A-47ED-476D-86DD-1C222A6EB893}.Release|x86.Build.0 = Release|Win32
		{90D58BF0-B138-4B89-9E7B-BF6FA7888840}.Debug|x64.ActiveCfg = Debug|x64
		{90D58BF0-B138-4B89-9E7B-BF6FA7888840}.Debug|x64.Build.0 = Debug|x64
		{90D58BF0-B138-4B89-9E7B-BF6FA7888840}.Debug|x86.ActiveCfg = Debug|Win32
		{90D58BF0-B138-4B89-9E7B-BF6FA7888840}.Debug|x86.Build.0 = Debug|Win32
		{90D58BF0-B138-4B89-9E7B-BF6FA7888840}.Release|x64.ActiveCfg = Release|x64
		{90D58BF0-B138-4B89-9E7B-BF6FA7888840}.Release|x64.Build.0 = Release|x64
		{90D58BF0-B138-4B89-9E7B-BF6FA7888840}.Release|x86.ActiveCfg = Release|Win32
		{90D58BF0-B138-4B89-9E7B-BF6FA7888840}.Release|x86.Build.0 = Release|Win32
	EndGlobalSection
	GlobalSection(SolutionProperties) = preSolution
		HideSolutionNode = FALSE
	EndGlobalSection
	GlobalSection(ExtensibilityGlobals) = postSolution
		SolutionGuid = {4B8F3E09-1628-4D4F-B9EE-390431F36EB4}
	EndGlobalSection
EndGlobal
